
Microsoft Visual Studio Solution File, Format Version 12.00
# Visual Studio Version 17
VisualStudioVersion = 17.8.34525.116
MinimumVisualStudioVersion = 10.0.40219.1
Project("{9A19103F-16F7-4668-BE54-9A1E7A4F7556}") = "ElectionManagement.WebAPI", "ElectionManagement.WebAPI\ElectionManagement.WebAPI.csproj", "{21BA1825-746C-45C0-9F42-916AE37E186B}"
EndProject
Project("{9A19103F-16F7-4668-BE54-9A1E7A4F7556}") = "ElectionManagement.Models", "ElectionManagement.Models\ElectionManagement.Models.csproj", "{E9923FA1-EB6D-4882-B151-1E50C8BFC9FF}"
EndProject
Project("{9A19103F-16F7-4668-BE54-9A1E7A4F7556}") = "ElectionManagement.Web", "ElectionManagement.Web\ElectionManagement.Web.csproj", "{9A276E04-39F6-4C17-88D9-B16E7CBCAE29}"
EndProject
Global
	GlobalSection(SolutionConfigurationPlatforms) = preSolution
		Debug|Any CPU = Debug|Any CPU
		Release|Any CPU = Release|Any CPU
	EndGlobalSection
	GlobalSection(ProjectConfigurationPlatforms) = postSolution
		{21BA1825-746C-45C0-9F42-916AE37E186B}.Debug|Any CPU.ActiveCfg = Debug|Any CPU
		{21BA1825-746C-45C0-9F42-916AE37E186B}.Debug|Any CPU.Build.0 = Debug|Any CPU
		{21BA1825-746C-45C0-9F42-916AE37E186B}.Release|Any CPU.ActiveCfg = Release|Any CPU
		{21BA1825-746C-45C0-9F42-916AE37E186B}.Release|Any CPU.Build.0 = Release|Any CPU
		{E9923FA1-EB6D-4882-B151-1E50C8BFC9FF}.Debug|Any CPU.ActiveCfg = Debug|Any CPU
		{E9923FA1-EB6D-4882-B151-1E50C8BFC9FF}.Debug|Any CPU.Build.0 = Debug|Any CPU
		{E9923FA1-EB6D-4882-B151-1E50C8BFC9FF}.Release|Any CPU.ActiveCfg = Release|Any CPU
		{E9923FA1-EB6D-4882-B151-1E50C8BFC9FF}.Release|Any CPU.Build.0 = Release|Any CPU
		{9A276E04-39F6-4C17-88D9-B16E7CBCAE29}.Debug|Any CPU.ActiveCfg = Debug|Any CPU
		{9A276E04-39F6-4C17-88D9-B16E7CBCAE29}.Debug|Any CPU.Build.0 = Debug|Any CPU
		{9A276E04-39F6-4C17-88D9-B16E7CBCAE29}.Release|Any CPU.ActiveCfg = Release|Any CPU
		{9A276E04-39F6-4C17-88D9-B16E7CBCAE29}.Release|Any CPU.Build.0 = Release|Any CPU
	EndGlobalSection
	GlobalSection(SolutionProperties) = preSolution
		HideSolutionNode = FALSE
	EndGlobalSection
	GlobalSection(ExtensibilityGlobals) = postSolution
		SolutionGuid = {24FAFA2A-AA1F-4AA6-8E67-7839D773326C}
	EndGlobalSection
EndGlobal
